
Microsoft Visual Studio Solution File, Format Version 12.00
# Visual Studio Version 17
VisualStudioVersion = 17.11.35312.102
MinimumVisualStudioVersion = 10.0.40219.1
Project("{9A19103F-16F7-4668-BE54-9A1E7A4F7556}") = "GsDotNet", "GsDotNet.csproj", "{9B4FC86D-D8ED-43F3-B999-898707CCE472}"
EndProject
Global
	GlobalSection(SolutionConfigurationPlatforms) = preSolution
		Debug|Any CPU = Debug|Any CPU
		Release|Any CPU = Release|Any CPU
	EndGlobalSection
	GlobalSection(ProjectConfigurationPlatforms) = postSolution
		{9B4FC86D-D8ED-43F3-B999-898707CCE472}.Debug|Any CPU.ActiveCfg = Debug|Any CPU
		{9B4FC86D-D8ED-43F3-B999-898707CCE472}.Debug|Any CPU.Build.0 = Debug|Any CPU
		{9B4FC86D-D8ED-43F3-B999-898707CCE472}.Release|Any CPU.ActiveCfg = Release|Any CPU
		{9B4FC86D-D8ED-43F3-B999-898707CCE472}.Release|Any CPU.Build.0 = Release|Any CPU
	EndGlobalSection
	GlobalSection(SolutionProperties) = preSolution
		HideSolutionNode = FALSE
	EndGlobalSection
	GlobalSection(ExtensibilityGlobals) = postSolution
		SolutionGuid = {112C6DA8-7FA0-44A8-8707-949FF6E72144}
	EndGlobalSection
EndGlobal
